
Microsoft Visual Studio Solution File, Format Version 12.00
# Visual Studio Version 17
VisualStudioVersion = 17.0.32126.317
MinimumVisualStudioVersion = 10.0.40219.1
Project("{9A19103F-16F7-4668-BE54-9A1E7A4F7556}") = "zhongguliin", "zhongguliin\zhongguliin.csproj", "{DD0AEEF0-9383-43C0-9242-402E030210BE}"
EndProject
Project("{FAE04EC0-301F-11D3-BF4B-00C04F79EFBC}") = "shangguliin", "shangguliin\shangguliin.csproj", "{6D35054E-E8EC-40E5-9935-08DDF960ACDC}"
EndProject
Project("{FAE04EC0-301F-11D3-BF4B-00C04F79EFBC}") = "Sie3Shu1", "Sie3Shu1\Sie3Shu1.csproj", "{F4024778-050B-A885-52F7-3350391B9C10}"
EndProject
Global
	GlobalSection(SolutionConfigurationPlatforms) = preSolution
		Debug|Any CPU = Debug|Any CPU
		Release|Any CPU = Release|Any CPU
	EndGlobalSection
	GlobalSection(ProjectConfigurationPlatforms) = postSolution
		{DD0AEEF0-9383-43C0-9242-402E030210BE}.Debug|Any CPU.ActiveCfg = Debug|Any CPU
		{DD0AEEF0-9383-43C0-9242-402E030210BE}.Debug|Any CPU.Build.0 = Debug|Any CPU
		{DD0AEEF0-9383-43C0-9242-402E030210BE}.Release|Any CPU.ActiveCfg = Release|Any CPU
		{DD0AEEF0-9383-43C0-9242-402E030210BE}.Release|Any CPU.Build.0 = Release|Any CPU
		{6D35054E-E8EC-40E5-9935-08DDF960ACDC}.Debug|Any CPU.ActiveCfg = Debug|Any CPU
		{6D35054E-E8EC-40E5-9935-08DDF960ACDC}.Debug|Any CPU.Build.0 = Debug|Any CPU
		{6D35054E-E8EC-40E5-9935-08DDF960ACDC}.Release|Any CPU.ActiveCfg = Release|Any CPU
		{6D35054E-E8EC-40E5-9935-08DDF960ACDC}.Release|Any CPU.Build.0 = Release|Any CPU
		{F4024778-050B-A885-52F7-3350391B9C10}.Debug|Any CPU.ActiveCfg = Debug|Any CPU
		{F4024778-050B-A885-52F7-3350391B9C10}.Debug|Any CPU.Build.0 = Debug|Any CPU
		{F4024778-050B-A885-52F7-3350391B9C10}.Release|Any CPU.ActiveCfg = Release|Any CPU
		{F4024778-050B-A885-52F7-3350391B9C10}.Release|Any CPU.Build.0 = Release|Any CPU
	EndGlobalSection
	GlobalSection(SolutionProperties) = preSolution
		HideSolutionNode = FALSE
	EndGlobalSection
	GlobalSection(ExtensibilityGlobals) = postSolution
		SolutionGuid = {408EF078-1077-4DFA-B4E0-343BF6621B8B}
	EndGlobalSection
EndGlobal
